
Microsoft Visual Studio Solution File, Format Version 12.00
# Visual Studio 15
VisualStudioVersion = 15.0.26124.0
MinimumVisualStudioVersion = 15.0.26124.0
Project("{2150E333-8FDC-42A3-9474-1A3956D46DE8}") = "src", "src", "{8CBDCE6E-3A75-4802-A3BA-9BB5D6B0658E}"
EndProject
Project("{2150E333-8FDC-42A3-9474-1A3956D46DE8}") = "Test", "Test", "{FC4B7596-F2B9-4044-AD00-B0453D9DDB6A}"
EndProject
Project("{9A19103F-16F7-4668-BE54-9A1E7A4F7556}") = "IdentityServer", "IdentityServer\IdentityServer.csproj", "{AF13AB29-B123-496D-B887-A3013B55A60C}"
EndProject
Project("{9A19103F-16F7-4668-BE54-9A1E7A4F7556}") = "ClientApp", "ClientApp\ClientApp.csproj", "{9AEB2A95-73E2-4C95-BC75-9CA6EE232EF5}"
EndProject
Project("{9A19103F-16F7-4668-BE54-9A1E7A4F7556}") = "MiddlerWare", "MiddlerWare\MiddlerWare.csproj", "{A795C9AC-006B-4C00-96E5-3E140AF4C2C0}"
EndProject
Project("{FAE04EC0-301F-11D3-BF4B-00C04F79EFBC}") = "IdentityServer4-Test1", "IdentityServer4-Test1\IdentityServer4-Test1.csproj", "{B41ADCAD-6BE8-47E6-8985-BE8A42892D02}"
EndProject
Global
	GlobalSection(SolutionConfigurationPlatforms) = preSolution
		Debug|Any CPU = Debug|Any CPU
		Debug|x64 = Debug|x64
		Debug|x86 = Debug|x86
		Local|Any CPU = Local|Any CPU
		Local|x64 = Local|x64
		Local|x86 = Local|x86
		Release|Any CPU = Release|Any CPU
		Release|x64 = Release|x64
		Release|x86 = Release|x86
	EndGlobalSection
	GlobalSection(ProjectConfigurationPlatforms) = postSolution
		{AF13AB29-B123-496D-B887-A3013B55A60C}.Debug|Any CPU.ActiveCfg = Debug|Any CPU
		{AF13AB29-B123-496D-B887-A3013B55A60C}.Debug|Any CPU.Build.0 = Debug|Any CPU
		{AF13AB29-B123-496D-B887-A3013B55A60C}.Debug|x64.ActiveCfg = Debug|Any CPU
		{AF13AB29-B123-496D-B887-A3013B55A60C}.Debug|x64.Build.0 = Debug|Any CPU
		{AF13AB29-B123-496D-B887-A3013B55A60C}.Debug|x86.ActiveCfg = Debug|Any CPU
		{AF13AB29-B123-496D-B887-A3013B55A60C}.Debug|x86.Build.0 = Debug|Any CPU
		{AF13AB29-B123-496D-B887-A3013B55A60C}.Local|Any CPU.ActiveCfg = Local|Any CPU
		{AF13AB29-B123-496D-B887-A3013B55A60C}.Local|Any CPU.Build.0 = Local|Any CPU
		{AF13AB29-B123-496D-B887-A3013B55A60C}.Local|x64.ActiveCfg = Local|Any CPU
		{AF13AB29-B123-496D-B887-A3013B55A60C}.Local|x64.Build.0 = Local|Any CPU
		{AF13AB29-B123-496D-B887-A3013B55A60C}.Local|x86.ActiveCfg = Local|Any CPU
		{AF13AB29-B123-496D-B887-A3013B55A60C}.Local|x86.Build.0 = Local|Any CPU
		{AF13AB29-B123-496D-B887-A3013B55A60C}.Release|Any CPU.ActiveCfg = Release|Any CPU
		{AF13AB29-B123-496D-B887-A3013B55A60C}.Release|Any CPU.Build.0 = Release|Any CPU
		{AF13AB29-B123-496D-B887-A3013B55A60C}.Release|x64.ActiveCfg = Release|Any CPU
		{AF13AB29-B123-496D-B887-A3013B55A60C}.Release|x64.Build.0 = Release|Any CPU
		{AF13AB29-B123-496D-B887-A3013B55A60C}.Release|x86.ActiveCfg = Release|Any CPU
		{AF13AB29-B123-496D-B887-A3013B55A60C}.Release|x86.Build.0 = Release|Any CPU
		{9AEB2A95-73E2-4C95-BC75-9CA6EE232EF5}.Debug|Any CPU.ActiveCfg = Debug|Any CPU
		{9AEB2A95-73E2-4C95-BC75-9CA6EE232EF5}.Debug|Any CPU.Build.0 = Debug|Any CPU
		{9AEB2A95-73E2-4C95-BC75-9CA6EE232EF5}.Debug|x64.ActiveCfg = Debug|Any CPU
		{9AEB2A95-73E2-4C95-BC75-9CA6EE232EF5}.Debug|x64.Build.0 = Debug|Any CPU
		{9AEB2A95-73E2-4C95-BC75-9CA6EE232EF5}.Debug|x86.ActiveCfg = Debug|Any CPU
		{9AEB2A95-73E2-4C95-BC75-9CA6EE232EF5}.Debug|x86.Build.0 = Debug|Any CPU
		{9AEB2A95-73E2-4C95-BC75-9CA6EE232EF5}.Local|Any CPU.ActiveCfg = Local|Any CPU
		{9AEB2A95-73E2-4C95-BC75-9CA6EE232EF5}.Local|Any CPU.Build.0 = Local|Any CPU
		{9AEB2A95-73E2-4C95-BC75-9CA6EE232EF5}.Local|x64.ActiveCfg = Local|Any CPU
		{9AEB2A95-73E2-4C95-BC75-9CA6EE232EF5}.Local|x64.Build.0 = Local|Any CPU
		{9AEB2A95-73E2-4C95-BC75-9CA6EE232EF5}.Local|x86.ActiveCfg = Local|Any CPU
		{9AEB2A95-73E2-4C95-BC75-9CA6EE232EF5}.Local|x86.Build.0 = Local|Any CPU
		{9AEB2A95-73E2-4C95-BC75-9CA6EE232EF5}.Release|Any CPU.ActiveCfg = Release|Any CPU
		{9AEB2A95-73E2-4C95-BC75-9CA6EE232EF5}.Release|Any CPU.Build.0 = Release|Any CPU
		{9AEB2A95-73E2-4C95-BC75-9CA6EE232EF5}.Release|x64.ActiveCfg = Release|Any CPU
		{9AEB2A95-73E2-4C95-BC75-9CA6EE232EF5}.Release|x64.Build.0 = Release|Any CPU
		{9AEB2A95-73E2-4C95-BC75-9CA6EE232EF5}.Release|x86.ActiveCfg = Release|Any CPU
		{9AEB2A95-73E2-4C95-BC75-9CA6EE232EF5}.Release|x86.Build.0 = Release|Any CPU
		{A795C9AC-006B-4C00-96E5-3E140AF4C2C0}.Debug|Any CPU.ActiveCfg = Debug|Any CPU
		{A795C9AC-006B-4C00-96E5-3E140AF4C2C0}.Debug|Any CPU.Build.0 = Debug|Any CPU
		{A795C9AC-006B-4C00-96E5-3E140AF4C2C0}.Debug|x64.ActiveCfg = Debug|Any CPU
		{A795C9AC-006B-4C00-96E5-3E140AF4C2C0}.Debug|x64.Build.0 = Debug|Any CPU
		{A795C9AC-006B-4C00-96E5-3E140AF4C2C0}.Debug|x86.ActiveCfg = Debug|Any CPU
		{A795C9AC-006B-4C00-96E5-3E140AF4C2C0}.Debug|x86.Build.0 = Debug|Any CPU
		{A795C9AC-006B-4C00-96E5-3E140AF4C2C0}.Local|Any CPU.ActiveCfg = Release|Any CPU
		{A795C9AC-006B-4C00-96E5-3E140AF4C2C0}.Local|Any CPU.Build.0 = Release|Any CPU
		{A795C9AC-006B-4C00-96E5-3E140AF4C2C0}.Local|x64.ActiveCfg = Release|Any CPU
		{A795C9AC-006B-4C00-96E5-3E140AF4C2C0}.Local|x64.Build.0 = Release|Any CPU
		{A795C9AC-006B-4C00-96E5-3E140AF4C2C0}.Local|x86.ActiveCfg = Release|Any CPU
		{A795C9AC-006B-4C00-96E5-3E140AF4C2C0}.Local|x86.Build.0 = Release|Any CPU
		{A795C9AC-006B-4C00-96E5-3E140AF4C2C0}.Release|Any CPU.ActiveCfg = Release|Any CPU
		{A795C9AC-006B-4C00-96E5-3E140AF4C2C0}.Release|Any CPU.Build.0 = Release|Any CPU
		{A795C9AC-006B-4C00-96E5-3E140AF4C2C0}.Release|x64.ActiveCfg = Release|Any CPU
		{A795C9AC-006B-4C00-96E5-3E140AF4C2C0}.Release|x64.Build.0 = Release|Any CPU
		{A795C9AC-006B-4C00-96E5-3E140AF4C2C0}.Release|x86.ActiveCfg = Release|Any CPU
		{A795C9AC-006B-4C00-96E5-3E140AF4C2C0}.Release|x86.Build.0 = Release|Any CPU
		{B41ADCAD-6BE8-47E6-8985-BE8A42892D02}.Debug|Any CPU.ActiveCfg = Debug|Any CPU
		{B41ADCAD-6BE8-47E6-8985-BE8A42892D02}.Debug|Any CPU.Build.0 = Debug|Any CPU
		{B41ADCAD-6BE8-47E6-8985-BE8A42892D02}.Debug|x64.ActiveCfg = Debug|Any CPU
		{B41ADCAD-6BE8-47E6-8985-BE8A42892D02}.Debug|x64.Build.0 = Debug|Any CPU
		{B41ADCAD-6BE8-47E6-8985-BE8A42892D02}.Debug|x86.ActiveCfg = Debug|Any CPU
		{B41ADCAD-6BE8-47E6-8985-BE8A42892D02}.Debug|x86.Build.0 = Debug|Any CPU
		{B41ADCAD-6BE8-47E6-8985-BE8A42892D02}.Local|Any CPU.ActiveCfg = Debug|Any CPU
		{B41ADCAD-6BE8-47E6-8985-BE8A42892D02}.Local|Any CPU.Build.0 = Debug|Any CPU
		{B41ADCAD-6BE8-47E6-8985-BE8A42892D02}.Local|x64.ActiveCfg = Debug|Any CPU
		{B41ADCAD-6BE8-47E6-8985-BE8A42892D02}.Local|x64.Build.0 = Debug|Any CPU
		{B41ADCAD-6BE8-47E6-8985-BE8A42892D02}.Local|x86.ActiveCfg = Debug|Any CPU
		{B41ADCAD-6BE8-47E6-8985-BE8A42892D02}.Local|x86.Build.0 = Debug|Any CPU
		{B41ADCAD-6BE8-47E6-8985-BE8A42892D02}.Release|Any CPU.ActiveCfg = Release|Any CPU
		{B41ADCAD-6BE8-47E6-8985-BE8A42892D02}.Release|Any CPU.Build.0 = Release|Any CPU
		{B41ADCAD-6BE8-47E6-8985-BE8A42892D02}.Release|x64.ActiveCfg = Release|Any CPU
		{B41ADCAD-6BE8-47E6-8985-BE8A42892D02}.Release|x64.Build.0 = Release|Any CPU
		{B41ADCAD-6BE8-47E6-8985-BE8A42892D02}.Release|x86.ActiveCfg = Release|Any CPU
		{B41ADCAD-6BE8-47E6-8985-BE8A42892D02}.Release|x86.Build.0 = Release|Any CPU
	EndGlobalSection
	GlobalSection(SolutionProperties) = preSolution
		HideSolutionNode = FALSE
	EndGlobalSection
	GlobalSection(NestedProjects) = preSolution
		{AF13AB29-B123-496D-B887-A3013B55A60C} = {8CBDCE6E-3A75-4802-A3BA-9BB5D6B0658E}
		{9AEB2A95-73E2-4C95-BC75-9CA6EE232EF5} = {8CBDCE6E-3A75-4802-A3BA-9BB5D6B0658E}
		{A795C9AC-006B-4C00-96E5-3E140AF4C2C0} = {8CBDCE6E-3A75-4802-A3BA-9BB5D6B0658E}
		{B41ADCAD-6BE8-47E6-8985-BE8A42892D02} = {FC4B7596-F2B9-4044-AD00-B0453D9DDB6A}
	EndGlobalSection
	GlobalSection(ExtensibilityGlobals) = postSolution
		SolutionGuid = {71845BA3-C211-4A9C-B6A6-2EC5648BC445}
	EndGlobalSection
EndGlobal
